
Microsoft Visual Studio Solution File, Format Version 12.00
# Visual Studio Version 17
VisualStudioVersion = 17.0.32112.339
MinimumVisualStudioVersion = 10.0.40219.1
Project("{9A19103F-16F7-4668-BE54-9A1E7A4F7556}") = "StudentsMarks.Test", "StudentsMarks.Test\StudentsMarks.Test.csproj", "{56A31195-2B68-4CBC-87E5-72D05D01373E}"
EndProject
Project("{9A19103F-16F7-4668-BE54-9A1E7A4F7556}") = "StudentsMarks", "StudentsMarks\StudentsMarks.csproj", "{272AB869-AF79-4E83-9FCB-98ABDE59196F}"
EndProject
Global
	GlobalSection(SolutionConfigurationPlatforms) = preSolution
		Debug|Any CPU = Debug|Any CPU
		Release|Any CPU = Release|Any CPU
	EndGlobalSection
	GlobalSection(ProjectConfigurationPlatforms) = postSolution
		{56A31195-2B68-4CBC-87E5-72D05D01373E}.Debug|Any CPU.ActiveCfg = Debug|Any CPU
		{56A31195-2B68-4CBC-87E5-72D05D01373E}.Debug|Any CPU.Build.0 = Debug|Any CPU
		{56A31195-2B68-4CBC-87E5-72D05D01373E}.Release|Any CPU.ActiveCfg = Release|Any CPU
		{56A31195-2B68-4CBC-87E5-72D05D01373E}.Release|Any CPU.Build.0 = Release|Any CPU
		{272AB869-AF79-4E83-9FCB-98ABDE59196F}.Debug|Any CPU.ActiveCfg = Debug|Any CPU
		{272AB869-AF79-4E83-9FCB-98ABDE59196F}.Debug|Any CPU.Build.0 = Debug|Any CPU
		{272AB869-AF79-4E83-9FCB-98ABDE59196F}.Release|Any CPU.ActiveCfg = Release|Any CPU
		{272AB869-AF79-4E83-9FCB-98ABDE59196F}.Release|Any CPU.Build.0 = Release|Any CPU
	EndGlobalSection
	GlobalSection(SolutionProperties) = preSolution
		HideSolutionNode = FALSE
	EndGlobalSection
	GlobalSection(ExtensibilityGlobals) = postSolution
		SolutionGuid = {33FA8906-E356-4928-835A-9F3439FFBB73}
	EndGlobalSection
EndGlobal
